
Microsoft Visual Studio Solution File, Format Version 12.00
# Visual Studio 14
VisualStudioVersion = 14.0.25420.1
MinimumVisualStudioVersion = 10.0.40219.1
Project("{FAE04EC0-301F-11D3-BF4B-00C04F79EFBC}") = "CreateWord", "CreateWord.csproj", "{79F185C1-8A5D-4946-8500-AB2A84E941D4}"
EndProject
Global
	GlobalSection(SolutionConfigurationPlatforms) = preSolution
		Debug|Any CPU = Debug|Any CPU
		Release|Any CPU = Release|Any CPU
	EndGlobalSection
	GlobalSection(ProjectConfigurationPlatforms) = postSolution
		{79F185C1-8A5D-4946-8500-AB2A84E941D4}.Debug|Any CPU.ActiveCfg = Debug|Any CPU
		{79F185C1-8A5D-4946-8500-AB2A84E941D4}.Debug|Any CPU.Build.0 = Debug|Any CPU
		{79F185C1-8A5D-4946-8500-AB2A84E941D4}.Release|Any CPU.ActiveCfg = Release|Any CPU
		{79F185C1-8A5D-4946-8500-AB2A84E941D4}.Release|Any CPU.Build.0 = Release|Any CPU
	EndGlobalSection
	GlobalSection(SolutionProperties) = preSolution
		HideSolutionNode = FALSE
	EndGlobalSection
	GlobalSection(ExtensibilityGlobals) = postSolution
		SolutionGuid = {19D872D0-33AF-4E0B-986D-1800176CA6E7}
	EndGlobalSection
EndGlobal
